
Microsoft Visual Studio Solution File, Format Version 12.00
# Visual Studio Version 17
VisualStudioVersion = 17.3.32922.545
MinimumVisualStudioVersion = 10.0.40219.1
Project("{FAE04EC0-301F-11D3-BF4B-00C04F79EFBC}") = "Courses", "Courses\Courses.csproj", "{B48264B6-13F6-4BBF-9765-51527BFD328F}"
EndProject
Project("{2150E333-8FDC-42A3-9474-1A3956D46DE8}") = "Solution Items", "Solution Items", "{9342D753-114E-4999-95AE-37365DDA4D90}"
	ProjectSection(SolutionItems) = preProject
		README.md = README.md
	EndProjectSection
EndProject
Global
	GlobalSection(SolutionConfigurationPlatforms) = preSolution
		Debug|Any CPU = Debug|Any CPU
		Release|Any CPU = Release|Any CPU
	EndGlobalSection
	GlobalSection(ProjectConfigurationPlatforms) = postSolution
		{B48264B6-13F6-4BBF-9765-51527BFD328F}.Debug|Any CPU.ActiveCfg = Debug|Any CPU
		{B48264B6-13F6-4BBF-9765-51527BFD328F}.Debug|Any CPU.Build.0 = Debug|Any CPU
		{B48264B6-13F6-4BBF-9765-51527BFD328F}.Release|Any CPU.ActiveCfg = Release|Any CPU
		{B48264B6-13F6-4BBF-9765-51527BFD328F}.Release|Any CPU.Build.0 = Release|Any CPU
	EndGlobalSection
	GlobalSection(SolutionProperties) = preSolution
		HideSolutionNode = FALSE
	EndGlobalSection
	GlobalSection(ExtensibilityGlobals) = postSolution
		SolutionGuid = {5A1C7340-F236-4B06-AD3E-2134AED832FD}
	EndGlobalSection
EndGlobal
